
Microsoft Visual Studio Solution File, Format Version 12.00
# Visual Studio Version 16
VisualStudioVersion = 16.0.34407.143
MinimumVisualStudioVersion = 10.0.40219.1
Project("{8BC9CEB8-8B4A-11D0-8D11-00A0C91BC942}") = "ConsoleApplication5", "ConsoleApplication5.vcxproj", "{5DC11482-0707-4A30-883D-11359E66FD7F}"
EndProject
Global
	GlobalSection(SolutionConfigurationPlatforms) = preSolution
		Debug|x64 = Debug|x64
		Debug|x86 = Debug|x86
		Release|x64 = Release|x64
		Release|x86 = Release|x86
	EndGlobalSection
	GlobalSection(ProjectConfigurationPlatforms) = postSolution
		{5DC11482-0707-4A30-883D-11359E66FD7F}.Debug|x64.ActiveCfg = Debug|x64
		{5DC11482-0707-4A30-883D-11359E66FD7F}.Debug|x64.Build.0 = Debug|x64
		{5DC11482-0707-4A30-883D-11359E66FD7F}.Debug|x86.ActiveCfg = Debug|Win32
		{5DC11482-0707-4A30-883D-11359E66FD7F}.Debug|x86.Build.0 = Debug|Win32
		{5DC11482-0707-4A30-883D-11359E66FD7F}.Release|x64.ActiveCfg = Release|x64
		{5DC11482-0707-4A30-883D-11359E66FD7F}.Release|x64.Build.0 = Release|x64
		{5DC11482-0707-4A30-883D-11359E66FD7F}.Release|x86.ActiveCfg = Release|Win32
		{5DC11482-0707-4A30-883D-11359E66FD7F}.Release|x86.Build.0 = Release|Win32
	EndGlobalSection
	GlobalSection(SolutionProperties) = preSolution
		HideSolutionNode = FALSE
	EndGlobalSection
	GlobalSection(ExtensibilityGlobals) = postSolution
		SolutionGuid = {4D027525-EB2A-4B6D-9CCB-34DD55431CCF}
	EndGlobalSection
EndGlobal
